
Microsoft Visual Studio Solution File, Format Version 12.00
# Visual Studio Version 17
VisualStudioVersion = 17.1.32407.343
MinimumVisualStudioVersion = 10.0.40219.1
Project("{FAE04EC0-301F-11D3-BF4B-00C04F79EFBC}") = "ConsoleApplication", "ConsoleApplication\ConsoleApplication.csproj", "{1A8E3D38-7024-41F0-9360-7B105B5227BD}"
EndProject
Global
	GlobalSection(SolutionConfigurationPlatforms) = preSolution
		Debug|Any CPU = Debug|Any CPU
		Release|Any CPU = Release|Any CPU
	EndGlobalSection
	GlobalSection(ProjectConfigurationPlatforms) = postSolution
		{1A8E3D38-7024-41F0-9360-7B105B5227BD}.Debug|Any CPU.ActiveCfg = Debug|Any CPU
		{1A8E3D38-7024-41F0-9360-7B105B5227BD}.Debug|Any CPU.Build.0 = Debug|Any CPU
		{1A8E3D38-7024-41F0-9360-7B105B5227BD}.Release|Any CPU.ActiveCfg = Release|Any CPU
		{1A8E3D38-7024-41F0-9360-7B105B5227BD}.Release|Any CPU.Build.0 = Release|Any CPU
	EndGlobalSection
	GlobalSection(SolutionProperties) = preSolution
		HideSolutionNode = FALSE
	EndGlobalSection
	GlobalSection(ExtensibilityGlobals) = postSolution
		SolutionGuid = {22D53B18-36A0-4A00-A41E-C24424E5182D}
	EndGlobalSection
EndGlobal
